
Microsoft Visual Studio Solution File, Format Version 12.00
# Visual Studio Version 17
VisualStudioVersion = 17.9.34728.123
MinimumVisualStudioVersion = 10.0.40219.1
Project("{FAE04EC0-301F-11D3-BF4B-00C04F79EFBC}") = "ADO.NET TASK 3", "ADO.NET TASK 3\ADO.NET TASK 3.csproj", "{039FA0D1-862D-4F07-97CF-D6CC56646FB9}"
EndProject
Global
	GlobalSection(SolutionConfigurationPlatforms) = preSolution
		Debug|Any CPU = Debug|Any CPU
		Release|Any CPU = Release|Any CPU
	EndGlobalSection
	GlobalSection(ProjectConfigurationPlatforms) = postSolution
		{039FA0D1-862D-4F07-97CF-D6CC56646FB9}.Debug|Any CPU.ActiveCfg = Debug|Any CPU
		{039FA0D1-862D-4F07-97CF-D6CC56646FB9}.Debug|Any CPU.Build.0 = Debug|Any CPU
		{039FA0D1-862D-4F07-97CF-D6CC56646FB9}.Release|Any CPU.ActiveCfg = Release|Any CPU
		{039FA0D1-862D-4F07-97CF-D6CC56646FB9}.Release|Any CPU.Build.0 = Release|Any CPU
	EndGlobalSection
	GlobalSection(SolutionProperties) = preSolution
		HideSolutionNode = FALSE
	EndGlobalSection
	GlobalSection(ExtensibilityGlobals) = postSolution
		SolutionGuid = {01F800B7-F7A1-42DC-A03D-44F39FE6CA05}
	EndGlobalSection
EndGlobal
